schema: '2.0'
stages:
  build_features:
    cmd: python trip_duration/build_features.py
    deps:
    - path: data/raw/test.csv
      hash: md5
      md5: 0686e4fc98617485dba9fdbabbf1c48d
      size: 70794289
    - path: data/raw/train.csv
      hash: md5
      md5: e59c291a4b1c640f1dab33b89daa22e1
      size: 200589097
    - path: trip_duration/build_features.py
      hash: md5
      md5: 75ff22b149402aad4832c0135a321c58
      size: 1127
    - path: trip_duration/feature_definitions.py
      hash: md5
      md5: 199b5d10d6ee1e3cff7381cda777e16d
      size: 2861
    outs:
    - path: data/processed
      hash: md5
      md5: 7b7c10a14e46ebed36b4c06716cd2f64.dir
      size: 335293878
      nfiles: 2
  train_model:
    cmd: python trip_duration/modeling/train_model.py data/processed
    deps:
    - path: data/processed/train.csv
      hash: md5
      md5: 8f5cc06528c4a52b1dfb60ec371f803c
      size: 236573796
    - path: trip_duration/modeling/train_model.py
      hash: md5
      md5: cac418fb8f7c06416718e4bba6f18a27
      size: 4247
    params:
      params.yaml:
        data.target: trip_duration
        hyperopt.max_evals: 5
        mlflow.experiment_name: trip-duration-prediction
        mlflow.tuning_run_name: XGBRegressor
        split.random_state: 42
        split.test_size: 0.2
        xgboost.search_space:
          n_estimators:
          - 10
          - 15
          - 20
          max_depth:
          - 6
          - 8
          - 10
          learning_rate:
            min: 0.03
            max: 0.3
    outs:
    - path: models/model.joblib
      hash: md5
      md5: bae3bfa60f4b1f156c7ec430e58af9cb
      size: 60248
